
Microsoft Visual Studio Solution File, Format Version 12.00
# Visual Studio Version 17
VisualStudioVersion = 17.0.32014.148
MinimumVisualStudioVersion = 10.0.40219.1
Project("{FAE04EC0-301F-11D3-BF4B-00C04F79EFBC}") = "Singleton", "Singleton\Singleton.csproj", "{8D973F9D-6E69-46D7-9A49-B82B28984A3B}"
EndProject
Global
	GlobalSection(SolutionConfigurationPlatforms) = preSolution
		Debug|Any CPU = Debug|Any CPU
		Release|Any CPU = Release|Any CPU
	EndGlobalSection
	GlobalSection(ProjectConfigurationPlatforms) = postSolution
		{8D973F9D-6E69-46D7-9A49-B82B28984A3B}.Debug|Any CPU.ActiveCfg = Debug|Any CPU
		{8D973F9D-6E69-46D7-9A49-B82B28984A3B}.Debug|Any CPU.Build.0 = Debug|Any CPU
		{8D973F9D-6E69-46D7-9A49-B82B28984A3B}.Release|Any CPU.ActiveCfg = Release|Any CPU
		{8D973F9D-6E69-46D7-9A49-B82B28984A3B}.Release|Any CPU.Build.0 = Release|Any CPU
	EndGlobalSection
	GlobalSection(SolutionProperties) = preSolution
		HideSolutionNode = FALSE
	EndGlobalSection
	GlobalSection(ExtensibilityGlobals) = postSolution
		SolutionGuid = {DCE94D4B-5160-4E8B-8532-BD3860DFA494}
	EndGlobalSection
EndGlobal
